github.com/davecgh/go-spew v1.1.1 h1:vj9j/u1bqnvCEfJOwUhtlOARqs3+rkHYY13jYWTU97c=
github.com/go-leo/design-pattern v1.1.2 h1:td9QMibvwcUiUktj0rEI+e5u+IW5yzbbLlMGxUqXxWk=
github.com/go-leo/design-pattern v1.1.2/go.mod h1:t2pcjakQmst1ohAz/Falx6Lcd0NQE/QVx6d2snCNWL4=
github.com/pmezard/go-difflib v1.0.0 h1:4DBwDE0NGyQoBHbLQYPwSUPoCMWR5BEzIk/f1lZbAQM=
github.com/stretchr/testify v1.8.0 h1:pSgiaMZlXftHpm5L7V1+rVB+AZJydKsMxsQBIJw4PKk=
gopkg.in/yaml.v3 v3.0.1 h1:fxVm/GzAzEWqLHuvctI91KS9hhNmmWOoWu0XTYJS7CA=
